<?xml version="1.0" encoding="utf-8"?>
<Project ToolsVersion="4.0" xmlns="http://schemas.microsoft.com/developer/msbuild/2003">
  <ItemGroup>
    <Filter Include="Source Files">
      <UniqueIdentifier>{4FC737F1-C7A5-4376-A066-2A32D752A2FF}</UniqueIdentifier>
      <Extensions>cpp;c;cc;cxx;def;odl;idl;hpj;bat;asm;asmx</Extensions>
    </Filter>
    <Filter Include="Header Files">
      <UniqueIdentifier>{93995380-89BD-4b04-88EB-625FBE52EBFB}</UniqueIdentifier>
      <Extensions>h;hh;hpp;hxx;hm;inl;inc;xsd</Extensions>
    </Filter>
    <Filter Include="Resource Files">
      <UniqueIdentifier>{67DA6AB6-F800-4c08-8B7A-83BB121AAD01}</UniqueIdentifier>
      <Extensions>rc;ico;cur;bmp;dlg;rc2;rct;bin;rgs;gif;jpg;jpeg;jpe;resx;tiff;tif;png;wav;mfcribbon-ms</Extensions>
    </Filter>
  </ItemGroup>
  <ItemGroup>
    <Text Include="ReadMe.txt" />
  </ItemGroup>
  <ItemGroup>
    <ClInclude Include="SimpleSync.h">
      <Filter>Header Files</Filter>
    </ClInclude>
    <ClInclude Include="stdafx.h">
      <Filter>Header Files</Filter>
    </ClInclude>
    <ClInclude Include="targetver.h">
      <Filter>Header Files</Filter>
    </ClInclude>
    <ClInclude Include="Resource.h">
      <Filter>Header Files</Filter>
    </ClInclude>
    <ClInclude Include="operations\CopyOperation.h">
      <Filter>Header Files</Filter>
    </ClInclude>
    <ClInclude Include="operations\CreateOperation.h">
      <Filter>Header Files</Filter>
    </ClInclude>
    <ClInclude Include="operations\EmptyOperation.h">
      <Filter>Header Files</Filter>
    </ClInclude>
    <ClInclude Include="operations\RemoveOperation.h">
      <Filter>Header Files</Filter>
    </ClInclude>
    <ClInclude Include="operations\ReplaceOperation.h">
      <Filter>Header Files</Filter>
    </ClInclude>
    <ClInclude Include="operations\SyncOperation.h">
      <Filter>Header Files</Filter>
    </ClInclude>
    <ClInclude Include="dialogs\controls\PreviewListCtrl.h">
      <Filter>Header Files</Filter>
    </ClInclude>
    <ClInclude Include="dialogs\CompareDialog.h">
      <Filter>Header Files</Filter>
    </ClInclude>
    <ClInclude Include="dialogs\FilePropertiesDialog.h">
      <Filter>Header Files</Filter>
    </ClInclude>
    <ClInclude Include="dialogs\MainDlg.h">
      <Filter>Header Files</Filter>
    </ClInclude>
    <ClInclude Include="dialogs\OptionsDialog.h">
      <Filter>Header Files</Filter>
    </ClInclude>
    <ClInclude Include="dialogs\ParamsDialog.h">
      <Filter>Header Files</Filter>
    </ClInclude>
    <ClInclude Include="dialogs\ScanProgressDialog.h">
      <Filter>Header Files</Filter>
    </ClInclude>
    <ClInclude Include="sync\FileProperties.h">
      <Filter>Header Files</Filter>
    </ClInclude>
    <ClInclude Include="sync\SyncManager.h">
      <Filter>Header Files</Filter>
    </ClInclude>
    <ClInclude Include="dialogs\SyncProgressDialog.h">
      <Filter>Header Files</Filter>
    </ClInclude>
  </ItemGroup>
  <ItemGroup>
    <ClCompile Include="SimpleSync.cpp">
      <Filter>Source Files</Filter>
    </ClCompile>
    <ClCompile Include="stdafx.cpp">
      <Filter>Source Files</Filter>
    </ClCompile>
    <ClCompile Include="operations\CopyOperation.cpp">
      <Filter>Source Files</Filter>
    </ClCompile>
    <ClCompile Include="operations\CreateOperation.cpp">
      <Filter>Source Files</Filter>
    </ClCompile>
    <ClCompile Include="operations\EmptyOperation.cpp">
      <Filter>Source Files</Filter>
    </ClCompile>
    <ClCompile Include="operations\RemoveOperation.cpp">
      <Filter>Source Files</Filter>
    </ClCompile>
    <ClCompile Include="operations\ReplaceOperation.cpp">
      <Filter>Source Files</Filter>
    </ClCompile>
    <ClCompile Include="operations\SyncOperation.cpp">
      <Filter>Source Files</Filter>
    </ClCompile>
    <ClCompile Include="dialogs\controls\PreviewListCtrl.cpp">
      <Filter>Source Files</Filter>
    </ClCompile>
    <ClCompile Include="dialogs\CompareDialog.cpp">
      <Filter>Source Files</Filter>
    </ClCompile>
    <ClCompile Include="dialogs\FilePropertiesDialog.cpp">
      <Filter>Source Files</Filter>
    </ClCompile>
    <ClCompile Include="dialogs\MainDlg.cpp">
      <Filter>Source Files</Filter>
    </ClCompile>
    <ClCompile Include="dialogs\OptionsDialog.cpp">
      <Filter>Source Files</Filter>
    </ClCompile>
    <ClCompile Include="dialogs\ParamsDialog.cpp">
      <Filter>Source Files</Filter>
    </ClCompile>
    <ClCompile Include="dialogs\ScanProgressDialog.cpp">
      <Filter>Source Files</Filter>
    </ClCompile>
    <ClCompile Include="sync\FileProperties.cpp">
      <Filter>Source Files</Filter>
    </ClCompile>
    <ClCompile Include="sync\SyncManager.cpp">
      <Filter>Source Files</Filter>
    </ClCompile>
    <ClCompile Include="dialogs\SyncProgressDialog.cpp">
      <Filter>Source Files</Filter>
    </ClCompile>
  </ItemGroup>
  <ItemGroup>
    <ResourceCompile Include="SimpleSync.rc">
      <Filter>Resource Files</Filter>
    </ResourceCompile>
  </ItemGroup>
  <ItemGroup>
    <None Include="res\SimpleSync.rc2">
      <Filter>Resource Files</Filter>
    </None>
  </ItemGroup>
  <ItemGroup>
    <Image Include="res\icons\icon_app.ico">
      <Filter>Resource Files</Filter>
    </Image>
    <Image Include="res\icons\icon_equal.png">
      <Filter>Resource Files</Filter>
    </Image>
    <Image Include="res\icons\icon_equal_small.png">
      <Filter>Resource Files</Filter>
    </Image>
    <Image Include="res\icons\icon_folder_small.png">
      <Filter>Resource Files</Filter>
    </Image>
    <Image Include="res\icons\icon_greater.png">
      <Filter>Resource Files</Filter>
    </Image>
    <Image Include="res\icons\icon_help.png">
      <Filter>Resource Files</Filter>
    </Image>
    <Image Include="res\icons\icon_left_arrow.png">
      <Filter>Resource Files</Filter>
    </Image>
    <Image Include="res\icons\icon_left_arrow_small.png">
      <Filter>Resource Files</Filter>
    </Image>
    <Image Include="res\icons\icon_left_right_arrow.png">
      <Filter>Resource Files</Filter>
    </Image>
    <Image Include="res\icons\icon_less.png">
      <Filter>Resource Files</Filter>
    </Image>
    <Image Include="res\icons\icon_question_small.png">
      <Filter>Resource Files</Filter>
    </Image>
    <Image Include="res\icons\icon_remove_small.png">
      <Filter>Resource Files</Filter>
    </Image>
    <Image Include="res\icons\icon_right_arrow.png">
      <Filter>Resource Files</Filter>
    </Image>
    <Image Include="res\icons\icon_right_arrow_small.png">
      <Filter>Resource Files</Filter>
    </Image>
  </ItemGroup>
</Project>